// !$*UTF8*$!
{
	archiveVersion = 1;
	classes = {
	};
	objectVersion = 52;
	objects = {

/* Begin PBXBuildFile section */
		A61109D924A8B13D00327715 /* AppDelegate.swift in Sources */ = {isa = PBXBuildFile; fileRef = A61109D824A8B13D00327715 /* AppDelegate.swift */; };
		A61109DB24A8B13D00327715 /* SceneDelegate.swift in Sources */ = {isa = PBXBuildFile; fileRef = A61109DA24A8B13D00327715 /* SceneDelegate.swift */; };
		A61109DD24A8B13D00327715 /* ContentView.swift in Sources */ = {isa = PBXBuildFile; fileRef = A61109DC24A8B13D00327715 /* ContentView.swift */; };
		A61109DF24A8B13F00327715 /* Assets.xcassets in Resources */ = {isa = PBXBuildFile; fileRef = A61109DE24A8B13F00327715 /* Assets.xcassets */; };
		A61109E224A8B13F00327715 /* Preview Assets.xcassets in Resources */ = {isa = PBXBuildFile; fileRef = A61109E124A8B13F00327715 /* Preview Assets.xcassets */; };
		A61109E524A8B13F00327715 /* LaunchScreen.storyboard in Resources */ = {isa = PBXBuildFile; fileRef = A61109E324A8B13F00327715 /* LaunchScreen.storyboard */; };
		A61109EE24A8B2D100327715 /* ArcShape.swift in Sources */ = {isa = PBXBuildFile; fileRef = A61109ED24A8B2D100327715 /* ArcShape.swift */; };
		A61F2ED424AADA9E00C8A708 /* Scale.swift in Sources */ = {isa = PBXBuildFile; fileRef = A61F2ED324AADA9E00C8A708 /* Scale.swift */; };
		A64D711324A8B8D700FE7E4F /* SectorShape.swift in Sources */ = {isa = PBXBuildFile; fileRef = A64D711224A8B8D700FE7E4F /* SectorShape.swift */; };
		A67B9D1224AB44FB00FFEB99 /* HandView.swift in Sources */ = {isa = PBXBuildFile; fileRef = A67B9D1124AB44FB00FFEB99 /* HandView.swift */; };
		A67B9D3224B19B5D00FFEB99 /* APIKit in Frameworks */ = {isa = PBXBuildFile; productRef = A67B9D3124B19B5D00FFEB99 /* APIKit */; };
		A67B9D3A24B19B9E00FFEB99 /* SwifterSwift in Frameworks */ = {isa = PBXBuildFile; productRef = A67B9D3924B19B9E00FFEB99 /* SwifterSwift */; };
		A6EB0E5924A9D060008A1863 /* TimeSlot.swift in Sources */ = {isa = PBXBuildFile; fileRef = A6EB0E5824A9D060008A1863 /* TimeSlot.swift */; };
/* End PBXBuildFile section */

/* Begin PBXFileReference section */
		A61109D524A8B13D00327715 /* TwentyFour.app */ = {isa = PBXFileReference; explicitFileType = wrapper.application; includeInIndex = 0; path = TwentyFour.app; sourceTree = BUILT_PRODUCTS_DIR; };
		A61109D824A8B13D00327715 /* AppDelegate.swift */ = {isa = PBXFileReference; lastKnownFileType = sourcecode.swift; path = AppDelegate.swift; sourceTree = "<group>"; };
		A61109DA24A8B13D00327715 /* SceneDelegate.swift */ = {isa = PBXFileReference; lastKnownFileType = sourcecode.swift; path = SceneDelegate.swift; sourceTree = "<group>"; };
		A61109DC24A8B13D00327715 /* ContentView.swift */ = {isa = PBXFileReference; lastKnownFileType = sourcecode.swift; path = ContentView.swift; sourceTree = "<group>"; };
		A61109DE24A8B13F00327715 /* Assets.xcassets */ = {isa = PBXFileReference; lastKnownFileType = folder.assetcatalog; path = Assets.xcassets; sourceTree = "<group>"; };
		A61109E124A8B13F00327715 /* Preview Assets.xcassets */ = {isa = PBXFileReference; lastKnownFileType = folder.assetcatalog; path = "Preview Assets.xcassets"; sourceTree = "<group>"; };
		A61109E424A8B13F00327715 /* Base */ = {isa = PBXFileReference; lastKnownFileType = file.storyboard; name = Base; path = Base.lproj/LaunchScreen.storyboard; sourceTree = "<group>"; };
		A61109E624A8B13F00327715 /* Info.plist */ = {isa = PBXFileReference; lastKnownFileType = text.plist.xml; path = Info.plist; sourceTree = "<group>"; };
		A61109EC24A8B14B00327715 /* TwentyFour.entitlements */ = {isa = PBXFileReference; lastKnownFileType = text.plist.entitlements; path = TwentyFour.entitlements; sourceTree = "<group>"; };
		A61109ED24A8B2D100327715 /* ArcShape.swift */ = {isa = PBXFileReference; lastKnownFileType = sourcecode.swift; path = ArcShape.swift; sourceTree = "<group>"; };
		A61F2ED324AADA9E00C8A708 /* Scale.swift */ = {isa = PBXFileReference; lastKnownFileType = sourcecode.swift; path = Scale.swift; sourceTree = "<group>"; };
		A64D711224A8B8D700FE7E4F /* SectorShape.swift */ = {isa = PBXFileReference; lastKnownFileType = sourcecode.swift; path = SectorShape.swift; sourceTree = "<group>"; };
		A67B9D1124AB44FB00FFEB99 /* HandView.swift */ = {isa = PBXFileReference; lastKnownFileType = sourcecode.swift; path = HandView.swift; sourceTree = "<group>"; };
		A6EB0E5824A9D060008A1863 /* TimeSlot.swift */ = {isa = PBXFileReference; lastKnownFileType = sourcecode.swift; path = TimeSlot.swift; sourceTree = "<group>"; };
/* End PBXFileReference section */

/* Begin PBXFrameworksBuildPhase section */
		A61109D224A8B13D00327715 /* Frameworks */ = {
			isa = PBXFrameworksBuildPhase;
			buildActionMask = 2147483647;
			files = (
				A67B9D3224B19B5D00FFEB99 /* APIKit in Frameworks */,
				A67B9D3A24B19B9E00FFEB99 /* SwifterSwift in Frameworks */,
			);
			runOnlyForDeploymentPostprocessing = 0;
		};
/* End PBXFrameworksBuildPhase section */

/* Begin PBXGroup section */
		39DDDB8B33B9EA0B2C756267 /* Pods */ = {
			isa = PBXGroup;
			children = (
			);
			path = Pods;
			sourceTree = "<group>";
		};
		A61109CC24A8B13D00327715 = {
			isa = PBXGroup;
			children = (
				A61109D724A8B13D00327715 /* TwentyFour */,
				A61109D624A8B13D00327715 /* Products */,
				39DDDB8B33B9EA0B2C756267 /* Pods */,
				CD1D13399B154020EC8B0E65 /* Frameworks */,
			);
			sourceTree = "<group>";
		};
		A61109D624A8B13D00327715 /* Products */ = {
			isa = PBXGroup;
			children = (
				A61109D524A8B13D00327715 /* TwentyFour.app */,
			);
			name = Products;
			sourceTree = "<group>";
		};
		A61109D724A8B13D00327715 /* TwentyFour */ = {
			isa = PBXGroup;
			children = (
				A61109D824A8B13D00327715 /* AppDelegate.swift */,
				A61109ED24A8B2D100327715 /* ArcShape.swift */,
				A61109DE24A8B13F00327715 /* Assets.xcassets */,
				A61109DC24A8B13D00327715 /* ContentView.swift */,
				A61109E624A8B13F00327715 /* Info.plist */,
				A61109E324A8B13F00327715 /* LaunchScreen.storyboard */,
				A61109E024A8B13F00327715 /* Preview Content */,
				A61F2ED324AADA9E00C8A708 /* Scale.swift */,
				A61109DA24A8B13D00327715 /* SceneDelegate.swift */,
				A64D711224A8B8D700FE7E4F /* SectorShape.swift */,
				A6EB0E5824A9D060008A1863 /* TimeSlot.swift */,
				A61109EC24A8B14B00327715 /* TwentyFour.entitlements */,
				A67B9D1124AB44FB00FFEB99 /* HandView.swift */,
			);
			path = TwentyFour;
			sourceTree = "<group>";
		};
		A61109E024A8B13F00327715 /* Preview Content */ = {
			isa = PBXGroup;
			children = (
				A61109E124A8B13F00327715 /* Preview Assets.xcassets */,
			);
			path = "Preview Content";
			sourceTree = "<group>";
		};
		CD1D13399B154020EC8B0E65 /* Frameworks */ = {
			isa = PBXGroup;
			children = (
			);
			name = Frameworks;
			sourceTree = "<group>";
		};
/* End PBXGroup section */

/* Begin PBXNativeTarget section */
		A61109D424A8B13D00327715 /* TwentyFour */ = {
			isa = PBXNativeTarget;
			buildConfigurationList = A61109E924A8B13F00327715 /* Build configuration list for PBXNativeTarget "TwentyFour" */;
			buildPhases = (
				A61109D124A8B13D00327715 /* Sources */,
				A61109D224A8B13D00327715 /* Frameworks */,
				A61109D324A8B13D00327715 /* Resources */,
			);
			buildRules = (
			);
			dependencies = (
				A67B9D3824B19B8C00FFEB99 /* PBXTargetDependency */,
				A67B9D3624B19B8600FFEB99 /* PBXTargetDependency */,
			);
			name = TwentyFour;
			packageProductDependencies = (
				A67B9D3124B19B5D00FFEB99 /* APIKit */,
				A67B9D3924B19B9E00FFEB99 /* SwifterSwift */,
			);
			productName = TwentyFour;
			productReference = A61109D524A8B13D00327715 /* TwentyFour.app */;
			productType = "com.apple.product-type.application";
		};
/* End PBXNativeTarget section */

/* Begin PBXProject section */
		A61109CD24A8B13D00327715 /* Project object */ = {
			isa = PBXProject;
			attributes = {
				LastSwiftUpdateCheck = 1150;
				LastUpgradeCheck = 1150;
				ORGANIZATIONNAME = ponpoko.tv;
				TargetAttributes = {
					A61109D424A8B13D00327715 = {
						CreatedOnToolsVersion = 11.5;
					};
				};
			};
			buildConfigurationList = A61109D024A8B13D00327715 /* Build configuration list for PBXProject "TwentyFour" */;
			compatibilityVersion = "Xcode 9.3";
			developmentRegion = en;
			hasScannedForEncodings = 0;
			knownRegions = (
				en,
				Base,
			);
			mainGroup = A61109CC24A8B13D00327715;
			packageReferences = (
				A67B9D2B24B19A6600FFEB99 /* XCRemoteSwiftPackageReference "SwifterSwift" */,
				A67B9D3024B19B5D00FFEB99 /* XCRemoteSwiftPackageReference "APIKit" */,
			);
			productRefGroup = A61109D624A8B13D00327715 /* Products */;
			projectDirPath = "";
			projectRoot = "";
			targets = (
				A61109D424A8B13D00327715 /* TwentyFour */,
			);
		};
/* End PBXProject section */

/* Begin PBXResourcesBuildPhase section */
		A61109D324A8B13D00327715 /* Resources */ = {
			isa = PBXResourcesBuildPhase;
			buildActionMask = 2147483647;
			files = (
				A61109E524A8B13F00327715 /* LaunchScreen.storyboard in Resources */,
				A61109E224A8B13F00327715 /* Preview Assets.xcassets in Resources */,
				A61109DF24A8B13F00327715 /* Assets.xcassets in Resources */,
			);
			runOnlyForDeploymentPostprocessing = 0;
		};
/* End PBXResourcesBuildPhase section */

/* Begin PBXSourcesBuildPhase section */
		A61109D124A8B13D00327715 /* Sources */ = {
			isa = PBXSourcesBuildPhase;
			buildActionMask = 2147483647;
			files = (
				A67B9D1224AB44FB00FFEB99 /* HandView.swift in Sources */,
				A61109D924A8B13D00327715 /* AppDelegate.swift in Sources */,
				A61109DB24A8B13D00327715 /* SceneDelegate.swift in Sources */,
				A61109EE24A8B2D100327715 /* ArcShape.swift in Sources */,
				A64D711324A8B8D700FE7E4F /* SectorShape.swift in Sources */,
				A61F2ED424AADA9E00C8A708 /* Scale.swift in Sources */,
				A6EB0E5924A9D060008A1863 /* TimeSlot.swift in Sources */,
				A61109DD24A8B13D00327715 /* ContentView.swift in Sources */,
			);
			runOnlyForDeploymentPostprocessing = 0;
		};
/* End PBXSourcesBuildPhase section */

/* Begin PBXTargetDependency section */
		A67B9D3624B19B8600FFEB99 /* PBXTargetDependency */ = {
			isa = PBXTargetDependency;
			productRef = A67B9D3524B19B8600FFEB99 /* APIKit */;
		};
		A67B9D3824B19B8C00FFEB99 /* PBXTargetDependency */ = {
			isa = PBXTargetDependency;
			productRef = A67B9D3724B19B8C00FFEB99 /* SwifterSwift */;
		};
/* End PBXTargetDependency section */

/* Begin PBXVariantGroup section */
		A61109E324A8B13F00327715 /* LaunchScreen.storyboard */ = {
			isa = PBXVariantGroup;
			children = (
				A61109E424A8B13F00327715 /* Base */,
			);
			name = LaunchScreen.storyboard;
			sourceTree = "<group>";
		};
/* End PBXVariantGroup section */

/* Begin XCBuildConfiguration section */
		A61109E724A8B13F00327715 /* Debug */ = {
			isa = XCBuildConfiguration;
			buildSettings = {
				ALWAYS_SEARCH_USER_PATHS = NO;
				CLANG_ANALYZER_NONNULL = YES;
				CLANG_ANALYZER_NUMBER_OBJECT_CONVERSION = YES_AGGRESSIVE;
				CLANG_CXX_LANGUAGE_STANDARD = "gnu++14";
				CLANG_CXX_LIBRARY = "libc++";
				CLANG_ENABLE_MODULES = YES;
				CLANG_ENABLE_OBJC_ARC = YES;
				CLANG_ENABLE_OBJC_WEAK = YES;
				CLANG_WARN_BLOCK_CAPTURE_AUTORELEASING = YES;
				CLANG_WARN_BOOL_CONVERSION = YES;
				CLANG_WARN_COMMA = YES;
				CLANG_WARN_CONSTANT_CONVERSION = YES;
				CLANG_WARN_DEPRECATED_OBJC_IMPLEMENTATIONS = YES;
				CLANG_WARN_DIRECT_OBJC_ISA_USAGE = YES_ERROR;
				CLANG_WARN_DOCUMENTATION_COMMENTS = YES;
				CLANG_WARN_EMPTY_BODY = YES;
				CLANG_WARN_ENUM_CONVERSION = YES;
				CLANG_WARN_INFINITE_RECURSION = YES;
				CLANG_WARN_INT_CONVERSION = YES;
				CLANG_WARN_NON_LITERAL_NULL_CONVERSION = YES;
				CLANG_WARN_OBJC_IMPLICIT_RETAIN_SELF = YES;
				CLANG_WARN_OBJC_LITERAL_CONVERSION = YES;
				CLANG_WARN_OBJC_ROOT_CLASS = YES_ERROR;
				CLANG_WARN_RANGE_LOOP_ANALYSIS = YES;
				CLANG_WARN_STRICT_PROTOTYPES = YES;
				CLANG_WARN_SUSPICIOUS_MOVE = YES;
				CLANG_WARN_UNGUARDED_AVAILABILITY = YES_AGGRESSIVE;
				CLANG_WARN_UNREACHABLE_CODE = YES;
				CLANG_WARN__DUPLICATE_METHOD_MATCH = YES;
				COPY_PHASE_STRIP = NO;
				DEBUG_INFORMATION_FORMAT = dwarf;
				ENABLE_STRICT_OBJC_MSGSEND = YES;
				ENABLE_TESTABILITY = YES;
				GCC_C_LANGUAGE_STANDARD = gnu11;
				GCC_DYNAMIC_NO_PIC = NO;
				GCC_NO_COMMON_BLOCKS = YES;
				GCC_OPTIMIZATION_LEVEL = 0;
				GCC_PREPROCESSOR_DEFINITIONS = (
					"DEBUG=1",
					"$(inherited)",
				);
				GCC_WARN_64_TO_32_BIT_CONVERSION = YES;
				GCC_WARN_ABOUT_RETURN_TYPE = YES_ERROR;
				GCC_WARN_UNDECLARED_SELECTOR = YES;
				GCC_WARN_UNINITIALIZED_AUTOS = YES_AGGRESSIVE;
				GCC_WARN_UNUSED_FUNCTION = YES;
				GCC_WARN_UNUSED_VARIABLE = YES;
				IPHONEOS_DEPLOYMENT_TARGET = 13.5;
				MTL_ENABLE_DEBUG_INFO = INCLUDE_SOURCE;
				MTL_FAST_MATH = YES;
				ONLY_ACTIVE_ARCH = YES;
				SDKROOT = iphoneos;
				SWIFT_ACTIVE_COMPILATION_CONDITIONS = DEBUG;
				SWIFT_OPTIMIZATION_LEVEL = "-Onone";
			};
			name = Debug;
		};
		A61109E824A8B13F00327715 /* Release */ = {
			isa = XCBuildConfiguration;
			buildSettings = {
				ALWAYS_SEARCH_USER_PATHS = NO;
				CLANG_ANALYZER_NONNULL = YES;
				CLANG_ANALYZER_NUMBER_OBJECT_CONVERSION = YES_AGGRESSIVE;
				CLANG_CXX_LANGUAGE_STANDARD = "gnu++14";
				CLANG_CXX_LIBRARY = "libc++";
				CLANG_ENABLE_MODULES = YES;
				CLANG_ENABLE_OBJC_ARC = YES;
				CLANG_ENABLE_OBJC_WEAK = YES;
				CLANG_WARN_BLOCK_CAPTURE_AUTORELEASING = YES;
				CLANG_WARN_BOOL_CONVERSION = YES;
				CLANG_WARN_COMMA = YES;
				CLANG_WARN_CONSTANT_CONVERSION = YES;
				CLANG_WARN_DEPRECATED_OBJC_IMPLEMENTATIONS = YES;
				CLANG_WARN_DIRECT_OBJC_ISA_USAGE = YES_ERROR;
				CLANG_WARN_DOCUMENTATION_COMMENTS = YES;
				CLANG_WARN_EMPTY_BODY = YES;
				CLANG_WARN_ENUM_CONVERSION = YES;
				CLANG_WARN_INFINITE_RECURSION = YES;
				CLANG_WARN_INT_CONVERSION = YES;
				CLANG_WARN_NON_LITERAL_NULL_CONVERSION = YES;
				CLANG_WARN_OBJC_IMPLICIT_RETAIN_SELF = YES;
				CLANG_WARN_OBJC_LITERAL_CONVERSION = YES;
				CLANG_WARN_OBJC_ROOT_CLASS = YES_ERROR;
				CLANG_WARN_RANGE_LOOP_ANALYSIS = YES;
				CLANG_WARN_STRICT_PROTOTYPES = YES;
				CLANG_WARN_SUSPICIOUS_MOVE = YES;
				CLANG_WARN_UNGUARDED_AVAILABILITY = YES_AGGRESSIVE;
				CLANG_WARN_UNREACHABLE_CODE = YES;
				CLANG_WARN__DUPLICATE_METHOD_MATCH = YES;
				COPY_PHASE_STRIP = NO;
				DEBUG_INFORMATION_FORMAT = "dwarf-with-dsym";
				ENABLE_NS_ASSERTIONS = NO;
				ENABLE_STRICT_OBJC_MSGSEND = YES;
				GCC_C_LANGUAGE_STANDARD = gnu11;
				GCC_NO_COMMON_BLOCKS = YES;
				GCC_WARN_64_TO_32_BIT_CONVERSION = YES;
				GCC_WARN_ABOUT_RETURN_TYPE = YES_ERROR;
				GCC_WARN_UNDECLARED_SELECTOR = YES;
				GCC_WARN_UNINITIALIZED_AUTOS = YES_AGGRESSIVE;
				GCC_WARN_UNUSED_FUNCTION = YES;
				GCC_WARN_UNUSED_VARIABLE = YES;
				IPHONEOS_DEPLOYMENT_TARGET = 13.5;
				MTL_ENABLE_DEBUG_INFO = NO;
				MTL_FAST_MATH = YES;
				SDKROOT = iphoneos;
				SWIFT_COMPILATION_MODE = wholemodule;
				SWIFT_OPTIMIZATION_LEVEL = "-O";
				VALIDATE_PRODUCT = YES;
			};
			name = Release;
		};
		A61109EA24A8B13F00327715 /* Debug */ = {
			isa = XCBuildConfiguration;
			buildSettings = {
				ASSETCATALOG_COMPILER_APPICON_NAME = AppIcon;
				CODE_SIGN_ENTITLEMENTS = TwentyFour/TwentyFour.entitlements;
				CODE_SIGN_STYLE = Automatic;
				DEVELOPMENT_ASSET_PATHS = "\"TwentyFour/Preview Content\"";
				DEVELOPMENT_TEAM = NB7ND33A26;
				ENABLE_PREVIEWS = YES;
				INFOPLIST_FILE = TwentyFour/Info.plist;
				LD_RUNPATH_SEARCH_PATHS = (
					"$(inherited)",
					"@executable_path/Frameworks",
				);
				PRODUCT_BUNDLE_IDENTIFIER = tv.ponpoko.TwentyFour;
				PRODUCT_NAME = "$(TARGET_NAME)";
				SUPPORTS_MACCATALYST = YES;
				SWIFT_VERSION = 5.0;
				TARGETED_DEVICE_FAMILY = "1,2";
			};
			name = Debug;
		};
		A61109EB24A8B13F00327715 /* Release */ = {
			isa = XCBuildConfiguration;
			buildSettings = {
				ASSETCATALOG_COMPILER_APPICON_NAME = AppIcon;
				CODE_SIGN_ENTITLEMENTS = TwentyFour/TwentyFour.entitlements;
				CODE_SIGN_STYLE = Automatic;
				DEVELOPMENT_ASSET_PATHS = "\"TwentyFour/Preview Content\"";
				DEVELOPMENT_TEAM = NB7ND33A26;
				ENABLE_PREVIEWS = YES;
				INFOPLIST_FILE = TwentyFour/Info.plist;
				LD_RUNPATH_SEARCH_PATHS = (
					"$(inherited)",
					"@executable_path/Frameworks",
				);
				PRODUCT_BUNDLE_IDENTIFIER = tv.ponpoko.TwentyFour;
				PRODUCT_NAME = "$(TARGET_NAME)";
				SUPPORTS_MACCATALYST = YES;
				SWIFT_VERSION = 5.0;
				TARGETED_DEVICE_FAMILY = "1,2";
			};
			name = Release;
		};
/* End XCBuildConfiguration section */

/* Begin XCConfigurationList section */
		A61109D024A8B13D00327715 /* Build configuration list for PBXProject "TwentyFour" */ = {
			isa = XCConfigurationList;
			buildConfigurations = (
				A61109E724A8B13F00327715 /* Debug */,
				A61109E824A8B13F00327715 /* Release */,
			);
			defaultConfigurationIsVisible = 0;
			defaultConfigurationName = Release;
		};
		A61109E924A8B13F00327715 /* Build configuration list for PBXNativeTarget "TwentyFour" */ = {
			isa = XCConfigurationList;
			buildConfigurations = (
				A61109EA24A8B13F00327715 /* Debug */,
				A61109EB24A8B13F00327715 /* Release */,
			);
			defaultConfigurationIsVisible = 0;
			defaultConfigurationName = Release;
		};
/* End XCConfigurationList section */

/* Begin XCRemoteSwiftPackageReference section */
		A67B9D2B24B19A6600FFEB99 /* XCRemoteSwiftPackageReference "SwifterSwift" */ = {
			isa = XCRemoteSwiftPackageReference;
			repositoryURL = "https://github.com/SwifterSwift/SwifterSwift";
			requirement = {
				kind = upToNextMajorVersion;
				minimumVersion = 5.2.0;
			};
		};
		A67B9D3024B19B5D00FFEB99 /* XCRemoteSwiftPackageReference "APIKit" */ = {
			isa = XCRemoteSwiftPackageReference;
			repositoryURL = "https://github.com/ishkawa/APIKit";
			requirement = {
				kind = upToNextMajorVersion;
				minimumVersion = 5.1.0;
			};
		};
/* End XCRemoteSwiftPackageReference section */

/* Begin XCSwiftPackageProductDependency section */
		A67B9D3124B19B5D00FFEB99 /* APIKit */ = {
			isa = XCSwiftPackageProductDependency;
			package = A67B9D3024B19B5D00FFEB99 /* XCRemoteSwiftPackageReference "APIKit" */;
			productName = APIKit;
		};
		A67B9D3524B19B8600FFEB99 /* APIKit */ = {
			isa = XCSwiftPackageProductDependency;
			package = A67B9D3024B19B5D00FFEB99 /* XCRemoteSwiftPackageReference "APIKit" */;
			productName = APIKit;
		};
		A67B9D3724B19B8C00FFEB99 /* SwifterSwift */ = {
			isa = XCSwiftPackageProductDependency;
			package = A67B9D2B24B19A6600FFEB99 /* XCRemoteSwiftPackageReference "SwifterSwift" */;
			productName = SwifterSwift;
		};
		A67B9D3924B19B9E00FFEB99 /* SwifterSwift */ = {
			isa = XCSwiftPackageProductDependency;
			package = A67B9D2B24B19A6600FFEB99 /* XCRemoteSwiftPackageReference "SwifterSwift" */;
			productName = SwifterSwift;
		};
/* End XCSwiftPackageProductDependency section */
	};
	rootObject = A61109CD24A8B13D00327715 /* Project object */;
}
